
Microsoft Visual Studio Solution File, Format Version 12.00
# Visual Studio 2013
VisualStudioVersion = 12.0.21005.1
MinimumVisualStudioVersion = 10.0.40219.1
Project("{FAE04EC0-301F-11D3-BF4B-00C04F79EFBC}") = "zFileDb", "zFileDb\zFileDb.csproj", "{44D586A8-D48C-4344-A6DF-9D063653FD55}"
EndProject
Project("{FAE04EC0-301F-11D3-BF4B-00C04F79EFBC}") = "FileDbTest", "FileDbTest\FileDbTest.csproj", "{EE2694B0-7D76-4CD0-A1F7-90379384DDC0}"
EndProject
Global
	GlobalSection(SolutionConfigurationPlatforms) = preSolution
		Debug|Any CPU = Debug|Any CPU
		Release|Any CPU = Release|Any CPU
	EndGlobalSection
	GlobalSection(ProjectConfigurationPlatforms) = postSolution
		{44D586A8-D48C-4344-A6DF-9D063653FD55}.Debug|Any CPU.ActiveCfg = Debug|Any CPU
		{44D586A8-D48C-4344-A6DF-9D063653FD55}.Debug|Any CPU.Build.0 = Debug|Any CPU
		{44D586A8-D48C-4344-A6DF-9D063653FD55}.Release|Any CPU.ActiveCfg = Release|Any CPU
		{44D586A8-D48C-4344-A6DF-9D063653FD55}.Release|Any CPU.Build.0 = Release|Any CPU
		{EE2694B0-7D76-4CD0-A1F7-90379384DDC0}.Debug|Any CPU.ActiveCfg = Debug|Any CPU
		{EE2694B0-7D76-4CD0-A1F7-90379384DDC0}.Debug|Any CPU.Build.0 = Debug|Any CPU
		{EE2694B0-7D76-4CD0-A1F7-90379384DDC0}.Release|Any CPU.ActiveCfg = Release|Any CPU
		{EE2694B0-7D76-4CD0-A1F7-90379384DDC0}.Release|Any CPU.Build.0 = Release|Any CPU
	EndGlobalSection
	GlobalSection(SolutionProperties) = preSolution
		HideSolutionNode = FALSE
	EndGlobalSection
EndGlobal
